
Microsoft Visual Studio Solution File, Format Version 12.00
# Visual Studio Version 17
VisualStudioVersion = 17.0.32014.148
MinimumVisualStudioVersion = 10.0.40219.1
Project("{2150E333-8FDC-42A3-9474-1A3956D46DE8}") = "src", "src", "{887E93A5-2007-464E-A6DC-FF40037245C0}"
EndProject
Project("{2150E333-8FDC-42A3-9474-1A3956D46DE8}") = "build", "build", "{A2FCC2FC-4F30-467F-89D9-896418DD286D}"
	ProjectSection(SolutionItems) = preProject
		build\OSharp.Template.WebApi.nuspec = build\OSharp.Template.WebApi.nuspec
		build\public.props = build\public.props
		ReadMe.md = ReadMe.md
		.template.config\template.json = .template.config\template.json
		build\version.props = build\version.props
	EndProjectSection
	ProjectSection(FolderGlobals) = preProject
		D_5_4WorkSpace_4Source_4Repos_4osharp-template_4_1template_1config_4template_1json__JsonSchema = 
	EndProjectSection
EndProject
Project("{2150E333-8FDC-42A3-9474-1A3956D46DE8}") = "docs", "docs", "{7A78BD76-8319-4C40-AE2F-5214A24BAE8E}"
EndProject
Project("{9A19103F-16F7-4668-BE54-9A1E7A4F7556}") = "OSharp.Template.Core", "src\OSharp.Template.Core\OSharp.Template.Core.csproj", "{6E06A125-0785-4422-8FEC-7D9BC6E04AA6}"
EndProject
Project("{9A19103F-16F7-4668-BE54-9A1E7A4F7556}") = "OSharp.Template.EntityConfiguration", "src\OSharp.Template.EntityConfiguration\OSharp.Template.EntityConfiguration.csproj", "{092033B8-4D0C-4E34-AF61-A6EEB42BDFCB}"
EndProject
Project("{9A19103F-16F7-4668-BE54-9A1E7A4F7556}") = "OSharp.Template.Web", "src\OSharp.Template.Web\OSharp.Template.Web.csproj", "{8D6EDE68-FB54-47EB-AA14-0D0FD961BC90}"
EndProject
Global
	GlobalSection(SolutionConfigurationPlatforms) = preSolution
		Debug|Any CPU = Debug|Any CPU
		Release|Any CPU = Release|Any CPU
	EndGlobalSection
	GlobalSection(ProjectConfigurationPlatforms) = postSolution
		{6E06A125-0785-4422-8FEC-7D9BC6E04AA6}.Debug|Any CPU.ActiveCfg = Debug|Any CPU
		{6E06A125-0785-4422-8FEC-7D9BC6E04AA6}.Debug|Any CPU.Build.0 = Debug|Any CPU
		{6E06A125-0785-4422-8FEC-7D9BC6E04AA6}.Release|Any CPU.ActiveCfg = Release|Any CPU
		{6E06A125-0785-4422-8FEC-7D9BC6E04AA6}.Release|Any CPU.Build.0 = Release|Any CPU
		{092033B8-4D0C-4E34-AF61-A6EEB42BDFCB}.Debug|Any CPU.ActiveCfg = Debug|Any CPU
		{092033B8-4D0C-4E34-AF61-A6EEB42BDFCB}.Debug|Any CPU.Build.0 = Debug|Any CPU
		{092033B8-4D0C-4E34-AF61-A6EEB42BDFCB}.Release|Any CPU.ActiveCfg = Release|Any CPU
		{092033B8-4D0C-4E34-AF61-A6EEB42BDFCB}.Release|Any CPU.Build.0 = Release|Any CPU
		{8D6EDE68-FB54-47EB-AA14-0D0FD961BC90}.Debug|Any CPU.ActiveCfg = Debug|Any CPU
		{8D6EDE68-FB54-47EB-AA14-0D0FD961BC90}.Debug|Any CPU.Build.0 = Debug|Any CPU
		{8D6EDE68-FB54-47EB-AA14-0D0FD961BC90}.Release|Any CPU.ActiveCfg = Release|Any CPU
		{8D6EDE68-FB54-47EB-AA14-0D0FD961BC90}.Release|Any CPU.Build.0 = Release|Any CPU
	EndGlobalSection
	GlobalSection(SolutionProperties) = preSolution
		HideSolutionNode = FALSE
	EndGlobalSection
	GlobalSection(NestedProjects) = preSolution
		{6E06A125-0785-4422-8FEC-7D9BC6E04AA6} = {887E93A5-2007-464E-A6DC-FF40037245C0}
		{092033B8-4D0C-4E34-AF61-A6EEB42BDFCB} = {887E93A5-2007-464E-A6DC-FF40037245C0}
		{8D6EDE68-FB54-47EB-AA14-0D0FD961BC90} = {887E93A5-2007-464E-A6DC-FF40037245C0}
	EndGlobalSection
	GlobalSection(ExtensibilityGlobals) = postSolution
		SolutionGuid = {2E9D79F2-79E5-4573-99E0-F2C31265D10D}
	EndGlobalSection
EndGlobal
