
Microsoft Visual Studio Solution File, Format Version 12.00
# Visual Studio 15
VisualStudioVersion = 15.0.27703.2035
MinimumVisualStudioVersion = 10.0.40219.1
Project("{2150E333-8FDC-42A3-9474-1A3956D46DE8}") = "src", "src", "{D468D443-D293-4D33-98E8-4F6D2C2AA791}"
EndProject
Project("{9A19103F-16F7-4668-BE54-9A1E7A4F7556}") = "OSharp.Template.Core", "src\OSharp.Template.Core\OSharp.Template.Core.csproj", "{3F195B95-BA71-43C1-9B2F-0E9E9E7F9D24}"
EndProject
Project("{9A19103F-16F7-4668-BE54-9A1E7A4F7556}") = "OSharp.Template.EntityConfiguration", "src\OSharp.Template.EntityConfiguration\OSharp.Template.EntityConfiguration.csproj", "{8DA22C49-33F6-46D5-8016-A17CB4E69067}"
EndProject
Project("{9A19103F-16F7-4668-BE54-9A1E7A4F7556}") = "OSharp.Template.Web", "src\OSharp.Template.Web\OSharp.Template.Web.csproj", "{C1EDB2A6-625C-496F-855F-93B5467DD4C7}"
EndProject
Global
	GlobalSection(SolutionConfigurationPlatforms) = preSolution
		Debug|Any CPU = Debug|Any CPU
		Release|Any CPU = Release|Any CPU
	EndGlobalSection
	GlobalSection(ProjectConfigurationPlatforms) = postSolution
		{3F195B95-BA71-43C1-9B2F-0E9E9E7F9D24}.Debug|Any CPU.ActiveCfg = Debug|Any CPU
		{3F195B95-BA71-43C1-9B2F-0E9E9E7F9D24}.Debug|Any CPU.Build.0 = Debug|Any CPU
		{3F195B95-BA71-43C1-9B2F-0E9E9E7F9D24}.Release|Any CPU.ActiveCfg = Release|Any CPU
		{3F195B95-BA71-43C1-9B2F-0E9E9E7F9D24}.Release|Any CPU.Build.0 = Release|Any CPU
		{8DA22C49-33F6-46D5-8016-A17CB4E69067}.Debug|Any CPU.ActiveCfg = Debug|Any CPU
		{8DA22C49-33F6-46D5-8016-A17CB4E69067}.Debug|Any CPU.Build.0 = Debug|Any CPU
		{8DA22C49-33F6-46D5-8016-A17CB4E69067}.Release|Any CPU.ActiveCfg = Release|Any CPU
		{8DA22C49-33F6-46D5-8016-A17CB4E69067}.Release|Any CPU.Build.0 = Release|Any CPU
		{C1EDB2A6-625C-496F-855F-93B5467DD4C7}.Debug|Any CPU.ActiveCfg = Debug|Any CPU
		{C1EDB2A6-625C-496F-855F-93B5467DD4C7}.Debug|Any CPU.Build.0 = Debug|Any CPU
		{C1EDB2A6-625C-496F-855F-93B5467DD4C7}.Release|Any CPU.ActiveCfg = Release|Any CPU
		{C1EDB2A6-625C-496F-855F-93B5467DD4C7}.Release|Any CPU.Build.0 = Release|Any CPU
	EndGlobalSection
	GlobalSection(SolutionProperties) = preSolution
		HideSolutionNode = FALSE
	EndGlobalSection
	GlobalSection(NestedProjects) = preSolution
		{3F195B95-BA71-43C1-9B2F-0E9E9E7F9D24} = {D468D443-D293-4D33-98E8-4F6D2C2AA791}
		{8DA22C49-33F6-46D5-8016-A17CB4E69067} = {D468D443-D293-4D33-98E8-4F6D2C2AA791}
		{C1EDB2A6-625C-496F-855F-93B5467DD4C7} = {D468D443-D293-4D33-98E8-4F6D2C2AA791}
	EndGlobalSection
	GlobalSection(ExtensibilityGlobals) = postSolution
		SolutionGuid = {2F813008-33A3-43E8-AA79-E98DCD049EBB}
	EndGlobalSection
EndGlobal
